PODS:
  - battery_plus (1.0.0):
    - Flutter
  - Flutter (1.0.0)
  - sensors_plus (0.0.1):
    - Flutter
  - sqflite_darwin (0.0.4):
    - Flutter
    - FlutterMacOS
  - torch_light (0.0.1):
    - Flutter

DEPENDENCIES:
  - battery_plus (from `.symlinks/plugins/battery_plus/ios`)
  - Flutter (from `Flutter`)
  - sensors_plus (from `.symlinks/plugins/sensors_plus/ios`)
  - sqflite_darwin (from `.symlinks/plugins/sqflite_darwin/darwin`)
  - torch_light (from `.symlinks/plugins/torch_light/ios`)

EXTERNAL SOURCES:
  battery_plus:
    :path: ".symlinks/plugins/battery_plus/ios"
  Flutter:
    :path: Flutter
  sensors_plus:
    :path: ".symlinks/plugins/sensors_plus/ios"
  sqflite_darwin:
    :path: ".symlinks/plugins/sqflite_darwin/darwin"
  torch_light:
    :path: ".symlinks/plugins/torch_light/ios"

SPEC CHECKSUMS:
  battery_plus: b42253f6d2dde71712f8c36fef456d99121c5977
  Flutter: cabc95a1d2626b1b06e7179b784ebcf0c0cde467
  sensors_plus: 6a11ed0c2e1d0bd0b20b4029d3bad27d96e0c65b
  sqflite_darwin: 20b2a3a3b70e43edae938624ce550a3cbf66a3d0
  torch_light: d093d579a221a59ef8a6b8c0eca20d52f7178087

PODFILE CHECKSUM: 3c63482e143d1b91d2d2560aee9fb04ecc74ac7e

COCOAPODS: 1.16.2
